
Microsoft Visual Studio Solution File, Format Version 12.00
# Visual Studio 15
VisualStudioVersion = 15.0.28307.1209
MinimumVisualStudioVersion = 10.0.40219.1
Project("{B1E792BE-AA5F-4E3C-8C82-674BF9C0715B}") = "SQLite_Test", "SQLite_Test\SQLite_Test.tsproj", "{BB9400EE-6B42-4B45-B0F5-EE885EE59C42}"
EndProject
Project("{BACAAE27-5D5D-4513-97FF-0FED82FEF961}") = "SQLite", "SQLite\SQLite.tcconnproj", "{66900332-DE4F-48A2-8A9E-EB3F4BB49503}"
EndProject
Project("{FD9F1D59-E000-42F3-8744-88DE1BE93C06}") = "Test", "Test\Test.tcmproj", "{8CAB3B42-77E7-4BD2-8DAA-EEF3492A6EF6}"
EndProject
Global
	GlobalSection(SolutionConfigurationPlatforms) = preSolution
		Debug|TwinCAT CE7 (ARMV7) = Debug|TwinCAT CE7 (ARMV7)
		Debug|TwinCAT OS (ARMT2) = Debug|TwinCAT OS (ARMT2)
		Debug|TwinCAT RT (x64) = Debug|TwinCAT RT (x64)
		Debug|TwinCAT RT (x86) = Debug|TwinCAT RT (x86)
		Release|TwinCAT CE7 (ARMV7) = Release|TwinCAT CE7 (ARMV7)
		Release|TwinCAT OS (ARMT2) = Release|TwinCAT OS (ARMT2)
		Release|TwinCAT RT (x64) = Release|TwinCAT RT (x64)
		Release|TwinCAT RT (x86) = Release|TwinCAT RT (x86)
	EndGlobalSection
	GlobalSection(ProjectConfigurationPlatforms) = postSolution
		{BB9400EE-6B42-4B45-B0F5-EE885EE59C42}.Debug|TwinCAT CE7 (ARMV7).ActiveCfg = Debug|TwinCAT CE7 (ARMV7)
		{BB9400EE-6B42-4B45-B0F5-EE885EE59C42}.Debug|TwinCAT CE7 (ARMV7).Build.0 = Debug|TwinCAT CE7 (ARMV7)
		{BB9400EE-6B42-4B45-B0F5-EE885EE59C42}.Debug|TwinCAT OS (ARMT2).ActiveCfg = Debug|TwinCAT OS (ARMT2)
		{BB9400EE-6B42-4B45-B0F5-EE885EE59C42}.Debug|TwinCAT OS (ARMT2).Build.0 = Debug|TwinCAT OS (ARMT2)
		{BB9400EE-6B42-4B45-B0F5-EE885EE59C42}.Debug|TwinCAT RT (x64).ActiveCfg = Debug|TwinCAT RT (x64)
		{BB9400EE-6B42-4B45-B0F5-EE885EE59C42}.Debug|TwinCAT RT (x64).Build.0 = Debug|TwinCAT RT (x64)
		{BB9400EE-6B42-4B45-B0F5-EE885EE59C42}.Debug|TwinCAT RT (x86).ActiveCfg = Debug|TwinCAT RT (x86)
		{BB9400EE-6B42-4B45-B0F5-EE885EE59C42}.Debug|TwinCAT RT (x86).Build.0 = Debug|TwinCAT RT (x86)
		{BB9400EE-6B42-4B45-B0F5-EE885EE59C42}.Release|TwinCAT CE7 (ARMV7).ActiveCfg = Release|TwinCAT CE7 (ARMV7)
		{BB9400EE-6B42-4B45-B0F5-EE885EE59C42}.Release|TwinCAT CE7 (ARMV7).Build.0 = Release|TwinCAT CE7 (ARMV7)
		{BB9400EE-6B42-4B45-B0F5-EE885EE59C42}.Release|TwinCAT OS (ARMT2).ActiveCfg = Release|TwinCAT OS (ARMT2)
		{BB9400EE-6B42-4B45-B0F5-EE885EE59C42}.Release|TwinCAT OS (ARMT2).Build.0 = Release|TwinCAT OS (ARMT2)
		{BB9400EE-6B42-4B45-B0F5-EE885EE59C42}.Release|TwinCAT RT (x64).ActiveCfg = Release|TwinCAT RT (x64)
		{BB9400EE-6B42-4B45-B0F5-EE885EE59C42}.Release|TwinCAT RT (x64).Build.0 = Release|TwinCAT RT (x64)
		{BB9400EE-6B42-4B45-B0F5-EE885EE59C42}.Release|TwinCAT RT (x86).ActiveCfg = Release|TwinCAT RT (x86)
		{BB9400EE-6B42-4B45-B0F5-EE885EE59C42}.Release|TwinCAT RT (x86).Build.0 = Release|TwinCAT RT (x86)
		{66900332-DE4F-48A2-8A9E-EB3F4BB49503}.Debug|TwinCAT CE7 (ARMV7).ActiveCfg = Debug|TwinCAT CE7 (ARMV7)
		{66900332-DE4F-48A2-8A9E-EB3F4BB49503}.Debug|TwinCAT OS (ARMT2).ActiveCfg = Debug|TwinCAT OS (ARMT2)
		{66900332-DE4F-48A2-8A9E-EB3F4BB49503}.Debug|TwinCAT RT (x64).ActiveCfg = Debug|TwinCAT RT (x64)
		{66900332-DE4F-48A2-8A9E-EB3F4BB49503}.Debug|TwinCAT RT (x86).ActiveCfg = Debug|TwinCAT RT (x86)
		{66900332-DE4F-48A2-8A9E-EB3F4BB49503}.Release|TwinCAT CE7 (ARMV7).ActiveCfg = Release|TwinCAT CE7 (ARMV7)
		{66900332-DE4F-48A2-8A9E-EB3F4BB49503}.Release|TwinCAT OS (ARMT2).ActiveCfg = Release|TwinCAT OS (ARMT2)
		{66900332-DE4F-48A2-8A9E-EB3F4BB49503}.Release|TwinCAT RT (x64).ActiveCfg = Release|TwinCAT RT (x64)
		{66900332-DE4F-48A2-8A9E-EB3F4BB49503}.Release|TwinCAT RT (x86).ActiveCfg = Release|TwinCAT RT (x86)
		{8CAB3B42-77E7-4BD2-8DAA-EEF3492A6EF6}.Debug|TwinCAT CE7 (ARMV7).ActiveCfg = Debug|TwinCAT CE7 (ARMV7)
		{8CAB3B42-77E7-4BD2-8DAA-EEF3492A6EF6}.Debug|TwinCAT OS (ARMT2).ActiveCfg = Debug|TwinCAT OS (ARMT2)
		{8CAB3B42-77E7-4BD2-8DAA-EEF3492A6EF6}.Debug|TwinCAT RT (x64).ActiveCfg = Debug|TwinCAT RT (x64)
		{8CAB3B42-77E7-4BD2-8DAA-EEF3492A6EF6}.Debug|TwinCAT RT (x86).ActiveCfg = Debug|TwinCAT RT (x86)
		{8CAB3B42-77E7-4BD2-8DAA-EEF3492A6EF6}.Release|TwinCAT CE7 (ARMV7).ActiveCfg = Release|TwinCAT CE7 (ARMV7)
		{8CAB3B42-77E7-4BD2-8DAA-EEF3492A6EF6}.Release|TwinCAT OS (ARMT2).ActiveCfg = Release|TwinCAT OS (ARMT2)
		{8CAB3B42-77E7-4BD2-8DAA-EEF3492A6EF6}.Release|TwinCAT RT (x64).ActiveCfg = Release|TwinCAT RT (x64)
		{8CAB3B42-77E7-4BD2-8DAA-EEF3492A6EF6}.Release|TwinCAT RT (x86).ActiveCfg = Release|TwinCAT RT (x86)
		{A7D34D91-3CB7-4231-AB89-96F72C3393A7}.Debug|TwinCAT CE7 (ARMV7).ActiveCfg = Debug|TwinCAT CE7 (ARMV7)
		{A7D34D91-3CB7-4231-AB89-96F72C3393A7}.Debug|TwinCAT CE7 (ARMV7).Build.0 = Debug|TwinCAT CE7 (ARMV7)
		{A7D34D91-3CB7-4231-AB89-96F72C3393A7}.Debug|TwinCAT OS (ARMT2).ActiveCfg = Debug|TwinCAT OS (ARMT2)
		{A7D34D91-3CB7-4231-AB89-96F72C3393A7}.Debug|TwinCAT OS (ARMT2).Build.0 = Debug|TwinCAT OS (ARMT2)
		{A7D34D91-3CB7-4231-AB89-96F72C3393A7}.Debug|TwinCAT RT (x64).ActiveCfg = Debug|TwinCAT RT (x64)
		{A7D34D91-3CB7-4231-AB89-96F72C3393A7}.Debug|TwinCAT RT (x64).Build.0 = Debug|TwinCAT RT (x64)
		{A7D34D91-3CB7-4231-AB89-96F72C3393A7}.Debug|TwinCAT RT (x86).ActiveCfg = Debug|TwinCAT RT (x86)
		{A7D34D91-3CB7-4231-AB89-96F72C3393A7}.Debug|TwinCAT RT (x86).Build.0 = Debug|TwinCAT RT (x86)
		{A7D34D91-3CB7-4231-AB89-96F72C3393A7}.Release|TwinCAT CE7 (ARMV7).ActiveCfg = Release|TwinCAT CE7 (ARMV7)
		{A7D34D91-3CB7-4231-AB89-96F72C3393A7}.Release|TwinCAT CE7 (ARMV7).Build.0 = Release|TwinCAT CE7 (ARMV7)
		{A7D34D91-3CB7-4231-AB89-96F72C3393A7}.Release|TwinCAT OS (ARMT2).ActiveCfg = Release|TwinCAT OS (ARMT2)
		{A7D34D91-3CB7-4231-AB89-96F72C3393A7}.Release|TwinCAT OS (ARMT2).Build.0 = Release|TwinCAT OS (ARMT2)
		{A7D34D91-3CB7-4231-AB89-96F72C3393A7}.Release|TwinCAT RT (x64).ActiveCfg = Release|TwinCAT RT (x64)
		{A7D34D91-3CB7-4231-AB89-96F72C3393A7}.Release|TwinCAT RT (x64).Build.0 = Release|TwinCAT RT (x64)
		{A7D34D91-3CB7-4231-AB89-96F72C3393A7}.Release|TwinCAT RT (x86).ActiveCfg = Release|TwinCAT RT (x86)
		{A7D34D91-3CB7-4231-AB89-96F72C3393A7}.Release|TwinCAT RT (x86).Build.0 = Release|TwinCAT RT (x86)
	EndGlobalSection
	GlobalSection(SolutionProperties) = preSolution
		HideSolutionNode = FALSE
	EndGlobalSection
	GlobalSection(ExtensibilityGlobals) = postSolution
		SolutionGuid = {CB3EA2BE-8CF9-4B4E-B7D1-B4CA523D0BAE}
	EndGlobalSection
EndGlobal
