
Microsoft Visual Studio Solution File, Format Version 12.00
# Visual Studio 15
VisualStudioVersion = 15.0.28307.1209
MinimumVisualStudioVersion = 10.0.40219.1
Project("{B1E792BE-AA5F-4E3C-8C82-674BF9C0715B}") = "SQLite_Test", "SQLite_Test\SQLite_Test.tsproj", "{BB9400EE-6B42-4B45-B0F5-EE885EE59C42}"
EndProject
Global
	GlobalSection(SolutionConfigurationPlatforms) = preSolution
		Debug|TwinCAT CE7 (ARMV7) = Debug|TwinCAT CE7 (ARMV7)
		Debug|TwinCAT OS (ARMT2) = Debug|TwinCAT OS (ARMT2)
		Debug|TwinCAT RT (x64) = Debug|TwinCAT RT (x64)
		Debug|TwinCAT RT (x86) = Debug|TwinCAT RT (x86)
		Release|TwinCAT CE7 (ARMV7) = Release|TwinCAT CE7 (ARMV7)
		Release|TwinCAT OS (ARMT2) = Release|TwinCAT OS (ARMT2)
		Release|TwinCAT RT (x64) = Release|TwinCAT RT (x64)
		Release|TwinCAT RT (x86) = Release|TwinCAT RT (x86)
	EndGlobalSection
	GlobalSection(ProjectConfigurationPlatforms) = postSolution
		{BB9400EE-6B42-4B45-B0F5-EE885EE59C42}.Debug|TwinCAT CE7 (ARMV7).ActiveCfg = Debug|TwinCAT CE7 (ARMV7)
		{BB9400EE-6B42-4B45-B0F5-EE885EE59C42}.Debug|TwinCAT CE7 (ARMV7).Build.0 = Debug|TwinCAT CE7 (ARMV7)
		{BB9400EE-6B42-4B45-B0F5-EE885EE59C42}.Debug|TwinCAT OS (ARMT2).ActiveCfg = Debug|TwinCAT OS (ARMT2)
		{BB9400EE-6B42-4B45-B0F5-EE885EE59C42}.Debug|TwinCAT OS (ARMT2).Build.0 = Debug|TwinCAT OS (ARMT2)
		{BB9400EE-6B42-4B45-B0F5-EE885EE59C42}.Debug|TwinCAT RT (x64).ActiveCfg = Debug|TwinCAT RT (x64)
		{BB9400EE-6B42-4B45-B0F5-EE885EE59C42}.Debug|TwinCAT RT (x64).Build.0 = Debug|TwinCAT RT (x64)
		{BB9400EE-6B42-4B45-B0F5-EE885EE59C42}.Debug|TwinCAT RT (x86).ActiveCfg = Debug|TwinCAT RT (x86)
		{BB9400EE-6B42-4B45-B0F5-EE885EE59C42}.Debug|TwinCAT RT (x86).Build.0 = Debug|TwinCAT RT (x86)
		{BB9400EE-6B42-4B45-B0F5-EE885EE59C42}.Release|TwinCAT CE7 (ARMV7).ActiveCfg = Release|TwinCAT CE7 (ARMV7)
		{BB9400EE-6B42-4B45-B0F5-EE885EE59C42}.Release|TwinCAT CE7 (ARMV7).Build.0 = Release|TwinCAT CE7 (ARMV7)
		{BB9400EE-6B42-4B45-B0F5-EE885EE59C42}.Release|TwinCAT OS (ARMT2).ActiveCfg = Release|TwinCAT OS (ARMT2)
		{BB9400EE-6B42-4B45-B0F5-EE885EE59C42}.Release|TwinCAT OS (ARMT2).Build.0 = Release|TwinCAT OS (ARMT2)
		{BB9400EE-6B42-4B45-B0F5-EE885EE59C42}.Release|TwinCAT RT (x64).ActiveCfg = Release|TwinCAT RT (x64)
		{BB9400EE-6B42-4B45-B0F5-EE885EE59C42}.Release|TwinCAT RT (x64).Build.0 = Release|TwinCAT RT (x64)
		{BB9400EE-6B42-4B45-B0F5-EE885EE59C42}.Release|TwinCAT RT (x86).ActiveCfg = Release|TwinCAT RT (x86)
		{BB9400EE-6B42-4B45-B0F5-EE885EE59C42}.Release|TwinCAT RT (x86).Build.0 = Release|TwinCAT RT (x86)
	EndGlobalSection
	GlobalSection(SolutionProperties) = preSolution
		HideSolutionNode = FALSE
	EndGlobalSection
	GlobalSection(ExtensibilityGlobals) = postSolution
		SolutionGuid = {CB3EA2BE-8CF9-4B4E-B7D1-B4CA523D0BAE}
	EndGlobalSection
EndGlobal
